
Microsoft Visual Studio Solution File, Format Version 12.00
# Visual Studio Version 17
VisualStudioVersion = 17.11.35222.181
MinimumVisualStudioVersion = 10.0.40219.1
Project("{9A19103F-16F7-4668-BE54-9A1E7A4F7556}") = "MethodVariations", "MethodVariations\MethodVariations.csproj", "{37E3394E-052C-476D-8F56-6A6C7E99F4BB}"
EndProject
Global
	GlobalSection(SolutionConfigurationPlatforms) = preSolution
		Debug|Any CPU = Debug|Any CPU
		Release|Any CPU = Release|Any CPU
	EndGlobalSection
	GlobalSection(ProjectConfigurationPlatforms) = postSolution
		{37E3394E-052C-476D-8F56-6A6C7E99F4BB}.Debug|Any CPU.ActiveCfg = Debug|Any CPU
		{37E3394E-052C-476D-8F56-6A6C7E99F4BB}.Debug|Any CPU.Build.0 = Debug|Any CPU
		{37E3394E-052C-476D-8F56-6A6C7E99F4BB}.Release|Any CPU.ActiveCfg = Release|Any CPU
		{37E3394E-052C-476D-8F56-6A6C7E99F4BB}.Release|Any CPU.Build.0 = Release|Any CPU
	EndGlobalSection
	GlobalSection(SolutionProperties) = preSolution
		HideSolutionNode = FALSE
	EndGlobalSection
	GlobalSection(ExtensibilityGlobals) = postSolution
		SolutionGuid = {474A88F9-60EB-48E6-BC53-2048BBC8D5E4}
	EndGlobalSection
EndGlobal
